// !$*UTF8*$!
{
	archiveVersion = 1;
	classes = {
	};
	objectVersion = 46;
	objects = {

/* Begin PBXBuildFile section */
		3E0CD8C5D87241C3695693F5 /* Pods_All_For_Basketball.framework in Frameworks */ = {isa = PBXBuildFile; fileRef = C8C5E145AD8B95082D07F5AD /* Pods_All_For_Basketball.framework */; };
		489E3E681E8B9210007BCAD5 /* Reveal.framework in Frameworks */ = {isa = PBXBuildFile; fileRef = 489E3E671E8B9210007BCAD5 /* Reveal.framework */; };
		489E3E861E8BD343007BCAD5 /* LSBaseViewController.swift in Sources */ = {isa = PBXBuildFile; fileRef = 489E3E831E8BD343007BCAD5 /* LSBaseViewController.swift */; };
		489E3E871E8BD343007BCAD5 /* LSNavigationController.swift in Sources */ = {isa = PBXBuildFile; fileRef = 489E3E841E8BD343007BCAD5 /* LSNavigationController.swift */; };
		489E3E881E8BD343007BCAD5 /* LSTabBarController.swift in Sources */ = {isa = PBXBuildFile; fileRef = 489E3E851E8BD343007BCAD5 /* LSTabBarController.swift */; };
		489E3E8B1E8BD353007BCAD5 /* LSLivesViewController.swift in Sources */ = {isa = PBXBuildFile; fileRef = 489E3E891E8BD353007BCAD5 /* LSLivesViewController.swift */; };
		489E3E8C1E8BD353007BCAD5 /* LSLivesViewController.xib in Resources */ = {isa = PBXBuildFile; fileRef = 489E3E8A1E8BD353007BCAD5 /* LSLivesViewController.xib */; };
		489E3E8F1E8BD362007BCAD5 /* LSNewsViewController.swift in Sources */ = {isa = PBXBuildFile; fileRef = 489E3E8D1E8BD362007BCAD5 /* LSNewsViewController.swift */; };
		489E3E901E8BD362007BCAD5 /* LSNewsViewController.xib in Resources */ = {isa = PBXBuildFile; fileRef = 489E3E8E1E8BD362007BCAD5 /* LSNewsViewController.xib */; };
		489E3E971E8BD4BF007BCAD5 /* LSTrainningViewController.swift in Sources */ = {isa = PBXBuildFile; fileRef = 489E3E951E8BD4BF007BCAD5 /* LSTrainningViewController.swift */; };
		489E3E981E8BD4BF007BCAD5 /* LSTrainningViewController.xib in Resources */ = {isa = PBXBuildFile; fileRef = 489E3E961E8BD4BF007BCAD5 /* LSTrainningViewController.xib */; };
		90DC7F301E8A99C9000F048E /* AppDelegate.swift in Sources */ = {isa = PBXBuildFile; fileRef = 90DC7F2F1E8A99C9000F048E /* AppDelegate.swift */; };
		90DC7F351E8A99C9000F048E /* Main.storyboard in Resources */ = {isa = PBXBuildFile; fileRef = 90DC7F331E8A99C9000F048E /* Main.storyboard */; };
		90DC7F371E8A99C9000F048E /* Assets.xcassets in Resources */ = {isa = PBXBuildFile; fileRef = 90DC7F361E8A99C9000F048E /* Assets.xcassets */; };
		90DC7F3A1E8A99C9000F048E /* LaunchScreen.storyboard in Resources */ = {isa = PBXBuildFile; fileRef = 90DC7F381E8A99C9000F048E /* LaunchScreen.storyboard */; };
		90DC7F451E8A99C9000F048E /* All_For_BasketballTests.swift in Sources */ = {isa = PBXBuildFile; fileRef = 90DC7F441E8A99C9000F048E /* All_For_BasketballTests.swift */; };
		90DC7F501E8A99C9000F048E /* All_For_BasketballUITests.swift in Sources */ = {isa = PBXBuildFile; fileRef = 90DC7F4F1E8A99C9000F048E /* All_For_BasketballUITests.swift */; };
/* End PBXBuildFile section */

/* Begin PBXContainerItemProxy section */
		90DC7F411E8A99C9000F048E /* PBXContainerItemProxy */ = {
			isa = PBXContainerItemProxy;
			containerPortal = 90DC7F241E8A99C9000F048E /* Project object */;
			proxyType = 1;
			remoteGlobalIDString = 90DC7F2B1E8A99C9000F048E;
			remoteInfo = "All For Basketball";
		};
		90DC7F4C1E8A99C9000F048E /* PBXContainerItemProxy */ = {
			isa = PBXContainerItemProxy;
			containerPortal = 90DC7F241E8A99C9000F048E /* Project object */;
			proxyType = 1;
			remoteGlobalIDString = 90DC7F2B1E8A99C9000F048E;
			remoteInfo = "All For Basketball";
		};
/* End PBXContainerItemProxy section */

/* Begin PBXFileReference section */
		354E1C27F67F59E407C32509 /* Pods-All For Basketball.debug.xcconfig */ = {isa = PBXFileReference; includeInIndex = 1; lastKnownFileType = text.xcconfig; name = "Pods-All For Basketball.debug.xcconfig"; path = "Pods/Target Support Files/Pods-All For Basketball/Pods-All For Basketball.debug.xcconfig"; sourceTree = "<group>"; };
		489E3E671E8B9210007BCAD5 /* Reveal.framework */ = {isa = PBXFileReference; lastKnownFileType = wrapper.framework; path = Reveal.framework; sourceTree = "<group>"; };
		489E3E831E8BD343007BCAD5 /* LSBaseViewController.swift */ = {isa = PBXFileReference; fileEncoding = 4; lastKnownFileType = sourcecode.swift; path = LSBaseViewController.swift; sourceTree = "<group>"; };
		489E3E841E8BD343007BCAD5 /* LSNavigationController.swift */ = {isa = PBXFileReference; fileEncoding = 4; lastKnownFileType = sourcecode.swift; path = LSNavigationController.swift; sourceTree = "<group>"; };
		489E3E851E8BD343007BCAD5 /* LSTabBarController.swift */ = {isa = PBXFileReference; fileEncoding = 4; lastKnownFileType = sourcecode.swift; path = LSTabBarController.swift; sourceTree = "<group>"; };
		489E3E891E8BD353007BCAD5 /* LSLivesViewController.swift */ = {isa = PBXFileReference; fileEncoding = 4; lastKnownFileType = sourcecode.swift; path = LSLivesViewController.swift; sourceTree = "<group>"; };
		489E3E8A1E8BD353007BCAD5 /* LSLivesViewController.xib */ = {isa = PBXFileReference; fileEncoding = 4; lastKnownFileType = file.xib; path = LSLivesViewController.xib; sourceTree = "<group>"; };
		489E3E8D1E8BD362007BCAD5 /* LSNewsViewController.swift */ = {isa = PBXFileReference; fileEncoding = 4; lastKnownFileType = sourcecode.swift; path = LSNewsViewController.swift; sourceTree = "<group>"; };
		489E3E8E1E8BD362007BCAD5 /* LSNewsViewController.xib */ = {isa = PBXFileReference; fileEncoding = 4; lastKnownFileType = file.xib; path = LSNewsViewController.xib; sourceTree = "<group>"; };
		489E3E951E8BD4BF007BCAD5 /* LSTrainningViewController.swift */ = {isa = PBXFileReference; fileEncoding = 4; lastKnownFileType = sourcecode.swift; path = LSTrainningViewController.swift; sourceTree = "<group>"; };
		489E3E961E8BD4BF007BCAD5 /* LSTrainningViewController.xib */ = {isa = PBXFileReference; fileEncoding = 4; lastKnownFileType = file.xib; path = LSTrainningViewController.xib; sourceTree = "<group>"; };
		90DC7F2C1E8A99C9000F048E /* All For Basketball.app */ = {isa = PBXFileReference; explicitFileType = wrapper.application; includeInIndex = 0; path = "All For Basketball.app"; sourceTree = BUILT_PRODUCTS_DIR; };
		90DC7F2F1E8A99C9000F048E /* AppDelegate.swift */ = {isa = PBXFileReference; lastKnownFileType = sourcecode.swift; path = AppDelegate.swift; sourceTree = "<group>"; };
		90DC7F341E8A99C9000F048E /* Base */ = {isa = PBXFileReference; lastKnownFileType = file.storyboard; name = Base; path = Base.lproj/Main.storyboard; sourceTree = "<group>"; };
		90DC7F361E8A99C9000F048E /* Assets.xcassets */ = {isa = PBXFileReference; lastKnownFileType = folder.assetcatalog; path = Assets.xcassets; sourceTree = "<group>"; };
		90DC7F391E8A99C9000F048E /* Base */ = {isa = PBXFileReference; lastKnownFileType = file.storyboard; name = Base; path = Base.lproj/LaunchScreen.storyboard; sourceTree = "<group>"; };
		90DC7F3B1E8A99C9000F048E /* Info.plist */ = {isa = PBXFileReference; lastKnownFileType = text.plist.xml; path = Info.plist; sourceTree = "<group>"; };
		90DC7F401E8A99C9000F048E /* All For BasketballTests.xctest */ = {isa = PBXFileReference; explicitFileType = wrapper.cfbundle; includeInIndex = 0; path = "All For BasketballTests.xctest"; sourceTree = BUILT_PRODUCTS_DIR; };
		90DC7F441E8A99C9000F048E /* All_For_BasketballTests.swift */ = {isa = PBXFileReference; lastKnownFileType = sourcecode.swift; path = All_For_BasketballTests.swift; sourceTree = "<group>"; };
		90DC7F461E8A99C9000F048E /* Info.plist */ = {isa = PBXFileReference; lastKnownFileType = text.plist.xml; path = Info.plist; sourceTree = "<group>"; };
		90DC7F4B1E8A99C9000F048E /* All For BasketballUITests.xctest */ = {isa = PBXFileReference; explicitFileType = wrapper.cfbundle; includeInIndex = 0; path = "All For BasketballUITests.xctest"; sourceTree = BUILT_PRODUCTS_DIR; };
		90DC7F4F1E8A99C9000F048E /* All_For_BasketballUITests.swift */ = {isa = PBXFileReference; lastKnownFileType = sourcecode.swift; path = All_For_BasketballUITests.swift; sourceTree = "<group>"; };
		90DC7F511E8A99C9000F048E /* Info.plist */ = {isa = PBXFileReference; lastKnownFileType = text.plist.xml; path = Info.plist; sourceTree = "<group>"; };
		C8C5E145AD8B95082D07F5AD /* Pods_All_For_Basketball.framework */ = {isa = PBXFileReference; explicitFileType = wrapper.framework; includeInIndex = 0; path = Pods_All_For_Basketball.framework; sourceTree = BUILT_PRODUCTS_DIR; };
		DFE339D3CBC1F26CDAF705AF /* Pods-All For Basketball.release.xcconfig */ = {isa = PBXFileReference; includeInIndex = 1; lastKnownFileType = text.xcconfig; name = "Pods-All For Basketball.release.xcconfig"; path = "Pods/Target Support Files/Pods-All For Basketball/Pods-All For Basketball.release.xcconfig"; sourceTree = "<group>"; };
/* End PBXFileReference section */

/* Begin PBXFrameworksBuildPhase section */
		90DC7F291E8A99C9000F048E /* Frameworks */ = {
			isa = PBXFrameworksBuildPhase;
			buildActionMask = 2147483647;
			files = (
				3E0CD8C5D87241C3695693F5 /* Pods_All_For_Basketball.framework in Frameworks */,
				489E3E681E8B9210007BCAD5 /* Reveal.framework in Frameworks */,
			);
			runOnlyForDeploymentPostprocessing = 0;
		};
		90DC7F3D1E8A99C9000F048E /* Frameworks */ = {
			isa = PBXFrameworksBuildPhase;
			buildActionMask = 2147483647;
			files = (
			);
			runOnlyForDeploymentPostprocessing = 0;
		};
		90DC7F481E8A99C9000F048E /* Frameworks */ = {
			isa = PBXFrameworksBuildPhase;
			buildActionMask = 2147483647;
			files = (
			);
			runOnlyForDeploymentPostprocessing = 0;
		};
/* End PBXFrameworksBuildPhase section */

/* Begin PBXGroup section */
		3CA52BFCA93C78BC225CE06F /* Frameworks */ = {
			isa = PBXGroup;
			children = (
				489E3E671E8B9210007BCAD5 /* Reveal.framework */,
				C8C5E145AD8B95082D07F5AD /* Pods_All_For_Basketball.framework */,
			);
			name = Frameworks;
			sourceTree = "<group>";
		};
		489E3E701E8BD311007BCAD5 /* Controllers */ = {
			isa = PBXGroup;
			children = (
				489E3E821E8BD343007BCAD5 /* Base */,
				489E3E721E8BD311007BCAD5 /* Lives */,
				489E3E731E8BD311007BCAD5 /* News */,
				489E3E741E8BD311007BCAD5 /* Tranning */,
			);
			path = Controllers;
			sourceTree = "<group>";
		};
		489E3E721E8BD311007BCAD5 /* Lives */ = {
			isa = PBXGroup;
			children = (
				489E3E891E8BD353007BCAD5 /* LSLivesViewController.swift */,
				489E3E8A1E8BD353007BCAD5 /* LSLivesViewController.xib */,
			);
			path = Lives;
			sourceTree = "<group>";
		};
		489E3E731E8BD311007BCAD5 /* News */ = {
			isa = PBXGroup;
			children = (
				489E3E8D1E8BD362007BCAD5 /* LSNewsViewController.swift */,
				489E3E8E1E8BD362007BCAD5 /* LSNewsViewController.xib */,
			);
			path = News;
			sourceTree = "<group>";
		};
		489E3E741E8BD311007BCAD5 /* Tranning */ = {
			isa = PBXGroup;
			children = (
				489E3E951E8BD4BF007BCAD5 /* LSTrainningViewController.swift */,
				489E3E961E8BD4BF007BCAD5 /* LSTrainningViewController.xib */,
			);
			path = Tranning;
			sourceTree = "<group>";
		};
		489E3E751E8BD311007BCAD5 /* Models */ = {
			isa = PBXGroup;
			children = (
				489E3E761E8BD311007BCAD5 /* Base */,
				489E3E771E8BD311007BCAD5 /* Lives */,
				489E3E781E8BD311007BCAD5 /* News */,
				489E3E791E8BD311007BCAD5 /* Tranning */,
			);
			path = Models;
			sourceTree = "<group>";
		};
		489E3E761E8BD311007BCAD5 /* Base */ = {
			isa = PBXGroup;
			children = (
			);
			path = Base;
			sourceTree = "<group>";
		};
		489E3E771E8BD311007BCAD5 /* Lives */ = {
			isa = PBXGroup;
			children = (
			);
			path = Lives;
			sourceTree = "<group>";
		};
		489E3E781E8BD311007BCAD5 /* News */ = {
			isa = PBXGroup;
			children = (
			);
			path = News;
			sourceTree = "<group>";
		};
		489E3E791E8BD311007BCAD5 /* Tranning */ = {
			isa = PBXGroup;
			children = (
			);
			path = Tranning;
			sourceTree = "<group>";
		};
		489E3E7A1E8BD311007BCAD5 /* Utilties */ = {
			isa = PBXGroup;
			children = (
				489E3E7B1E8BD311007BCAD5 /* Extension */,
				489E3E7C1E8BD311007BCAD5 /* Third */,
			);
			path = Utilties;
			sourceTree = "<group>";
		};
		489E3E7B1E8BD311007BCAD5 /* Extension */ = {
			isa = PBXGroup;
			children = (
			);
			path = Extension;
			sourceTree = "<group>";
		};
		489E3E7C1E8BD311007BCAD5 /* Third */ = {
			isa = PBXGroup;
			children = (
			);
			path = Third;
			sourceTree = "<group>";
		};
		489E3E7D1E8BD311007BCAD5 /* Views */ = {
			isa = PBXGroup;
			children = (
				489E3E7E1E8BD311007BCAD5 /* Base */,
				489E3E7F1E8BD311007BCAD5 /* Lives */,
				489E3E801E8BD311007BCAD5 /* News */,
				489E3E811E8BD311007BCAD5 /* Tranning */,
			);
			path = Views;
			sourceTree = "<group>";
		};
		489E3E7E1E8BD311007BCAD5 /* Base */ = {
			isa = PBXGroup;
			children = (
			);
			path = Base;
			sourceTree = "<group>";
		};
		489E3E7F1E8BD311007BCAD5 /* Lives */ = {
			isa = PBXGroup;
			children = (
			);
			path = Lives;
			sourceTree = "<group>";
		};
		489E3E801E8BD311007BCAD5 /* News */ = {
			isa = PBXGroup;
			children = (
			);
			path = News;
			sourceTree = "<group>";
		};
		489E3E811E8BD311007BCAD5 /* Tranning */ = {
			isa = PBXGroup;
			children = (
			);
			path = Tranning;
			sourceTree = "<group>";
		};
		489E3E821E8BD343007BCAD5 /* Base */ = {
			isa = PBXGroup;
			children = (
				489E3E831E8BD343007BCAD5 /* LSBaseViewController.swift */,
				489E3E841E8BD343007BCAD5 /* LSNavigationController.swift */,
				489E3E851E8BD343007BCAD5 /* LSTabBarController.swift */,
			);
			path = Base;
			sourceTree = "<group>";
		};
		90DC7F231E8A99C9000F048E = {
			isa = PBXGroup;
			children = (
				90DC7F2E1E8A99C9000F048E /* All For Basketball */,
				90DC7F431E8A99C9000F048E /* All For BasketballTests */,
				90DC7F4E1E8A99C9000F048E /* All For BasketballUITests */,
				90DC7F2D1E8A99C9000F048E /* Products */,
				C7F46EA83F07879D91605654 /* Pods */,
				3CA52BFCA93C78BC225CE06F /* Frameworks */,
			);
			sourceTree = "<group>";
		};
		90DC7F2D1E8A99C9000F048E /* Products */ = {
			isa = PBXGroup;
			children = (
				90DC7F2C1E8A99C9000F048E /* All For Basketball.app */,
				90DC7F401E8A99C9000F048E /* All For BasketballTests.xctest */,
				90DC7F4B1E8A99C9000F048E /* All For BasketballUITests.xctest */,
			);
			name = Products;
			sourceTree = "<group>";
		};
		90DC7F2E1E8A99C9000F048E /* All For Basketball */ = {
			isa = PBXGroup;
			children = (
				489E3E7A1E8BD311007BCAD5 /* Utilties */,
				489E3E751E8BD311007BCAD5 /* Models */,
				489E3E7D1E8BD311007BCAD5 /* Views */,
				489E3E701E8BD311007BCAD5 /* Controllers */,
				90DC7F2F1E8A99C9000F048E /* AppDelegate.swift */,
				90DC7F331E8A99C9000F048E /* Main.storyboard */,
				90DC7F361E8A99C9000F048E /* Assets.xcassets */,
				90DC7F381E8A99C9000F048E /* LaunchScreen.storyboard */,
				90DC7F3B1E8A99C9000F048E /* Info.plist */,
			);
			path = "All For Basketball";
			sourceTree = "<group>";
		};
		90DC7F431E8A99C9000F048E /* All For BasketballTests */ = {
			isa = PBXGroup;
			children = (
				90DC7F441E8A99C9000F048E /* All_For_BasketballTests.swift */,
				90DC7F461E8A99C9000F048E /* Info.plist */,
			);
			path = "All For BasketballTests";
			sourceTree = "<group>";
		};
		90DC7F4E1E8A99C9000F048E /* All For BasketballUITests */ = {
			isa = PBXGroup;
			children = (
				90DC7F4F1E8A99C9000F048E /* All_For_BasketballUITests.swift */,
				90DC7F511E8A99C9000F048E /* Info.plist */,
			);
			path = "All For BasketballUITests";
			sourceTree = "<group>";
		};
		C7F46EA83F07879D91605654 /* Pods */ = {
			isa = PBXGroup;
			children = (
				354E1C27F67F59E407C32509 /* Pods-All For Basketball.debug.xcconfig */,
				DFE339D3CBC1F26CDAF705AF /* Pods-All For Basketball.release.xcconfig */,
			);
			name = Pods;
			sourceTree = "<group>";
		};
/* End PBXGroup section */

/* Begin PBXNativeTarget section */
		90DC7F2B1E8A99C9000F048E /* All For Basketball */ = {
			isa = PBXNativeTarget;
			buildConfigurationList = 90DC7F541E8A99C9000F048E /* Build configuration list for PBXNativeTarget "All For Basketball" */;
			buildPhases = (
				50BD8C8D6FF655629A5AB8E7 /* [CP] Check Pods Manifest.lock */,
				90DC7F281E8A99C9000F048E /* Sources */,
				90DC7F291E8A99C9000F048E /* Frameworks */,
				90DC7F2A1E8A99C9000F048E /* Resources */,
				372FC6E59DD8C045E8AFB6D1 /* [CP] Embed Pods Frameworks */,
				825CC1DA836BABBBE4AAC0C1 /* [CP] Copy Pods Resources */,
			);
			buildRules = (
			);
			dependencies = (
			);
			name = "All For Basketball";
			productName = "All For Basketball";
			productReference = 90DC7F2C1E8A99C9000F048E /* All For Basketball.app */;
			productType = "com.apple.product-type.application";
		};
		90DC7F3F1E8A99C9000F048E /* All For BasketballTests */ = {
			isa = PBXNativeTarget;
			buildConfigurationList = 90DC7F571E8A99C9000F048E /* Build configuration list for PBXNativeTarget "All For BasketballTests" */;
			buildPhases = (
				90DC7F3C1E8A99C9000F048E /* Sources */,
				90DC7F3D1E8A99C9000F048E /* Frameworks */,
				90DC7F3E1E8A99C9000F048E /* Resources */,
			);
			buildRules = (
			);
			dependencies = (
				90DC7F421E8A99C9000F048E /* PBXTargetDependency */,
			);
			name = "All For BasketballTests";
			productName = "All For BasketballTests";
			productReference = 90DC7F401E8A99C9000F048E /* All For BasketballTests.xctest */;
			productType = "com.apple.product-type.bundle.unit-test";
		};
		90DC7F4A1E8A99C9000F048E /* All For BasketballUITests */ = {
			isa = PBXNativeTarget;
			buildConfigurationList = 90DC7F5A1E8A99C9000F048E /* Build configuration list for PBXNativeTarget "All For BasketballUITests" */;
			buildPhases = (
				90DC7F471E8A99C9000F048E /* Sources */,
				90DC7F481E8A99C9000F048E /* Frameworks */,
				90DC7F491E8A99C9000F048E /* Resources */,
			);
			buildRules = (
			);
			dependencies = (
				90DC7F4D1E8A99C9000F048E /* PBXTargetDependency */,
			);
			name = "All For BasketballUITests";
			productName = "All For BasketballUITests";
			productReference = 90DC7F4B1E8A99C9000F048E /* All For BasketballUITests.xctest */;
			productType = "com.apple.product-type.bundle.ui-testing";
		};
/* End PBXNativeTarget section */

/* Begin PBXProject section */
		90DC7F241E8A99C9000F048E /* Project object */ = {
			isa = PBXProject;
			attributes = {
				CLASSPREFIX = LS;
				LastSwiftUpdateCheck = 0820;
				LastUpgradeCheck = 0820;
				ORGANIZATIONNAME = "李森";
				TargetAttributes = {
					90DC7F2B1E8A99C9000F048E = {
						CreatedOnToolsVersion = 8.2.1;
						DevelopmentTeam = J3UJGF3PPS;
						ProvisioningStyle = Automatic;
					};
					90DC7F3F1E8A99C9000F048E = {
						CreatedOnToolsVersion = 8.2.1;
						ProvisioningStyle = Automatic;
						TestTargetID = 90DC7F2B1E8A99C9000F048E;
					};
					90DC7F4A1E8A99C9000F048E = {
						CreatedOnToolsVersion = 8.2.1;
						ProvisioningStyle = Automatic;
						TestTargetID = 90DC7F2B1E8A99C9000F048E;
					};
				};
			};
			buildConfigurationList = 90DC7F271E8A99C9000F048E /* Build configuration list for PBXProject "All For Basketball" */;
			compatibilityVersion = "Xcode 3.2";
			developmentRegion = English;
			hasScannedForEncodings = 0;
			knownRegions = (
				en,
				Base,
			);
			mainGroup = 90DC7F231E8A99C9000F048E;
			productRefGroup = 90DC7F2D1E8A99C9000F048E /* Products */;
			projectDirPath = "";
			projectRoot = "";
			targets = (
				90DC7F2B1E8A99C9000F048E /* All For Basketball */,
				90DC7F3F1E8A99C9000F048E /* All For BasketballTests */,
				90DC7F4A1E8A99C9000F048E /* All For BasketballUITests */,
			);
		};
/* End PBXProject section */

/* Begin PBXResourcesBuildPhase section */
		90DC7F2A1E8A99C9000F048E /* Resources */ = {
			isa = PBXResourcesBuildPhase;
			buildActionMask = 2147483647;
			files = (
				90DC7F3A1E8A99C9000F048E /* LaunchScreen.storyboard in Resources */,
				90DC7F371E8A99C9000F048E /* Assets.xcassets in Resources */,
				489E3E981E8BD4BF007BCAD5 /* LSTrainningViewController.xib in Resources */,
				90DC7F351E8A99C9000F048E /* Main.storyboard in Resources */,
				489E3E8C1E8BD353007BCAD5 /* LSLivesViewController.xib in Resources */,
				489E3E901E8BD362007BCAD5 /* LSNewsViewController.xib in Resources */,
			);
			runOnlyForDeploymentPostprocessing = 0;
		};
		90DC7F3E1E8A99C9000F048E /* Resources */ = {
			isa = PBXResourcesBuildPhase;
			buildActionMask = 2147483647;
			files = (
			);
			runOnlyForDeploymentPostprocessing = 0;
		};
		90DC7F491E8A99C9000F048E /* Resources */ = {
			isa = PBXResourcesBuildPhase;
			buildActionMask = 2147483647;
			files = (
			);
			runOnlyForDeploymentPostprocessing = 0;
		};
/* End PBXResourcesBuildPhase section */

/* Begin PBXShellScriptBuildPhase section */
		372FC6E59DD8C045E8AFB6D1 /* [CP] Embed Pods Frameworks */ = {
			isa = PBXShellScriptBuildPhase;
			buildActionMask = 2147483647;
			files = (
			);
			inputPaths = (
			);
			name = "[CP] Embed Pods Frameworks";
			outputPaths = (
			);
			runOnlyForDeploymentPostprocessing = 0;
			shellPath = /bin/sh;
			shellScript = "\"${SRCROOT}/Pods/Target Support Files/Pods-All For Basketball/Pods-All For Basketball-frameworks.sh\"\n";
			showEnvVarsInLog = 0;
		};
		50BD8C8D6FF655629A5AB8E7 /* [CP] Check Pods Manifest.lock */ = {
			isa = PBXShellScriptBuildPhase;
			buildActionMask = 2147483647;
			files = (
			);
			inputPaths = (
			);
			name = "[CP] Check Pods Manifest.lock";
			outputPaths = (
			);
			runOnlyForDeploymentPostprocessing = 0;
			shellPath = /bin/sh;
			shellScript = "diff \"${PODS_ROOT}/../Podfile.lock\" \"${PODS_ROOT}/Manifest.lock\" > /dev/null\nif [ $? != 0 ] ; then\n    # print error to STDERR\n    echo \"error: The sandbox is not in sync with the Podfile.lock. Run 'pod install' or update your CocoaPods installation.\" >&2\n    exit 1\nfi\n";
			showEnvVarsInLog = 0;
		};
		825CC1DA836BABBBE4AAC0C1 /* [CP] Copy Pods Resources */ = {
			isa = PBXShellScriptBuildPhase;
			buildActionMask = 2147483647;
			files = (
			);
			inputPaths = (
			);
			name = "[CP] Copy Pods Resources";
			outputPaths = (
			);
			runOnlyForDeploymentPostprocessing = 0;
			shellPath = /bin/sh;
			shellScript = "\"${SRCROOT}/Pods/Target Support Files/Pods-All For Basketball/Pods-All For Basketball-resources.sh\"\n";
			showEnvVarsInLog = 0;
		};
/* End PBXShellScriptBuildPhase section */

/* Begin PBXSourcesBuildPhase section */
		90DC7F281E8A99C9000F048E /* Sources */ = {
			isa = PBXSourcesBuildPhase;
			buildActionMask = 2147483647;
			files = (
				489E3E861E8BD343007BCAD5 /* LSBaseViewController.swift in Sources */,
				90DC7F301E8A99C9000F048E /* AppDelegate.swift in Sources */,
				489E3E8B1E8BD353007BCAD5 /* LSLivesViewController.swift in Sources */,
				489E3E881E8BD343007BCAD5 /* LSTabBarController.swift in Sources */,
				489E3E8F1E8BD362007BCAD5 /* LSNewsViewController.swift in Sources */,
				489E3E871E8BD343007BCAD5 /* LSNavigationController.swift in Sources */,
				489E3E971E8BD4BF007BCAD5 /* LSTrainningViewController.swift in Sources */,
			);
			runOnlyForDeploymentPostprocessing = 0;
		};
		90DC7F3C1E8A99C9000F048E /* Sources */ = {
			isa = PBXSourcesBuildPhase;
			buildActionMask = 2147483647;
			files = (
				90DC7F451E8A99C9000F048E /* All_For_BasketballTests.swift in Sources */,
			);
			runOnlyForDeploymentPostprocessing = 0;
		};
		90DC7F471E8A99C9000F048E /* Sources */ = {
			isa = PBXSourcesBuildPhase;
			buildActionMask = 2147483647;
			files = (
				90DC7F501E8A99C9000F048E /* All_For_BasketballUITests.swift in Sources */,
			);
			runOnlyForDeploymentPostprocessing = 0;
		};
/* End PBXSourcesBuildPhase section */

/* Begin PBXTargetDependency section */
		90DC7F421E8A99C9000F048E /* PBXTargetDependency */ = {
			isa = PBXTargetDependency;
			target = 90DC7F2B1E8A99C9000F048E /* All For Basketball */;
			targetProxy = 90DC7F411E8A99C9000F048E /* PBXContainerItemProxy */;
		};
		90DC7F4D1E8A99C9000F048E /* PBXTargetDependency */ = {
			isa = PBXTargetDependency;
			target = 90DC7F2B1E8A99C9000F048E /* All For Basketball */;
			targetProxy = 90DC7F4C1E8A99C9000F048E /* PBXContainerItemProxy */;
		};
/* End PBXTargetDependency section */

/* Begin PBXVariantGroup section */
		90DC7F331E8A99C9000F048E /* Main.storyboard */ = {
			isa = PBXVariantGroup;
			children = (
				90DC7F341E8A99C9000F048E /* Base */,
			);
			name = Main.storyboard;
			sourceTree = "<group>";
		};
		90DC7F381E8A99C9000F048E /* LaunchScreen.storyboard */ = {
			isa = PBXVariantGroup;
			children = (
				90DC7F391E8A99C9000F048E /* Base */,
			);
			name = LaunchScreen.storyboard;
			sourceTree = "<group>";
		};
/* End PBXVariantGroup section */

/* Begin XCBuildConfiguration section */
		90DC7F521E8A99C9000F048E /* Debug */ = {
			isa = XCBuildConfiguration;
			buildSettings = {
				ALWAYS_SEARCH_USER_PATHS = NO;
				CLANG_ANALYZER_NONNULL = YES;
				CLANG_CXX_LANGUAGE_STANDARD = "gnu++0x";
				CLANG_CXX_LIBRARY = "libc++";
				CLANG_ENABLE_MODULES = YES;
				CLANG_ENABLE_OBJC_ARC = YES;
				CLANG_WARN_BOOL_CONVERSION = YES;
				CLANG_WARN_CONSTANT_CONVERSION = YES;
				CLANG_WARN_DIRECT_OBJC_ISA_USAGE = YES_ERROR;
				CLANG_WARN_DOCUMENTATION_COMMENTS = YES;
				CLANG_WARN_EMPTY_BODY = YES;
				CLANG_WARN_ENUM_CONVERSION = YES;
				CLANG_WARN_INFINITE_RECURSION = YES;
				CLANG_WARN_INT_CONVERSION = YES;
				CLANG_WARN_OBJC_ROOT_CLASS = YES_ERROR;
				CLANG_WARN_SUSPICIOUS_MOVE = YES;
				CLANG_WARN_UNREACHABLE_CODE = YES;
				CLANG_WARN__DUPLICATE_METHOD_MATCH = YES;
				"CODE_SIGN_IDENTITY[sdk=iphoneos*]" = "iPhone Developer";
				COPY_PHASE_STRIP = NO;
				DEBUG_INFORMATION_FORMAT = dwarf;
				ENABLE_STRICT_OBJC_MSGSEND = YES;
				ENABLE_TESTABILITY = YES;
				GCC_C_LANGUAGE_STANDARD = gnu99;
				GCC_DYNAMIC_NO_PIC = NO;
				GCC_NO_COMMON_BLOCKS = YES;
				GCC_OPTIMIZATION_LEVEL = 0;
				GCC_PREPROCESSOR_DEFINITIONS = (
					"DEBUG=1",
					"$(inherited)",
				);
				GCC_WARN_64_TO_32_BIT_CONVERSION = YES;
				GCC_WARN_ABOUT_RETURN_TYPE = YES_ERROR;
				GCC_WARN_UNDECLARED_SELECTOR = YES;
				GCC_WARN_UNINITIALIZED_AUTOS = YES_AGGRESSIVE;
				GCC_WARN_UNUSED_FUNCTION = YES;
				GCC_WARN_UNUSED_VARIABLE = YES;
				IPHONEOS_DEPLOYMENT_TARGET = 10.2;
				MTL_ENABLE_DEBUG_INFO = YES;
				ONLY_ACTIVE_ARCH = YES;
				SDKROOT = iphoneos;
				SWIFT_ACTIVE_COMPILATION_CONDITIONS = DEBUG;
				SWIFT_OPTIMIZATION_LEVEL = "-Onone";
				TARGETED_DEVICE_FAMILY = "1,2";
			};
			name = Debug;
		};
		90DC7F531E8A99C9000F048E /* Release */ = {
			isa = XCBuildConfiguration;
			buildSettings = {
				ALWAYS_SEARCH_USER_PATHS = NO;
				CLANG_ANALYZER_NONNULL = YES;
				CLANG_CXX_LANGUAGE_STANDARD = "gnu++0x";
				CLANG_CXX_LIBRARY = "libc++";
				CLANG_ENABLE_MODULES = YES;
				CLANG_ENABLE_OBJC_ARC = YES;
				CLANG_WARN_BOOL_CONVERSION = YES;
				CLANG_WARN_CONSTANT_CONVERSION = YES;
				CLANG_WARN_DIRECT_OBJC_ISA_USAGE = YES_ERROR;
				CLANG_WARN_DOCUMENTATION_COMMENTS = YES;
				CLANG_WARN_EMPTY_BODY = YES;
				CLANG_WARN_ENUM_CONVERSION = YES;
				CLANG_WARN_INFINITE_RECURSION = YES;
				CLANG_WARN_INT_CONVERSION = YES;
				CLANG_WARN_OBJC_ROOT_CLASS = YES_ERROR;
				CLANG_WARN_SUSPICIOUS_MOVE = YES;
				CLANG_WARN_UNREACHABLE_CODE = YES;
				CLANG_WARN__DUPLICATE_METHOD_MATCH = YES;
				"CODE_SIGN_IDENTITY[sdk=iphoneos*]" = "iPhone Developer";
				COPY_PHASE_STRIP = NO;
				DEBUG_INFORMATION_FORMAT = "dwarf-with-dsym";
				ENABLE_NS_ASSERTIONS = NO;
				ENABLE_STRICT_OBJC_MSGSEND = YES;
				GCC_C_LANGUAGE_STANDARD = gnu99;
				GCC_NO_COMMON_BLOCKS = YES;
				GCC_WARN_64_TO_32_BIT_CONVERSION = YES;
				GCC_WARN_ABOUT_RETURN_TYPE = YES_ERROR;
				GCC_WARN_UNDECLARED_SELECTOR = YES;
				GCC_WARN_UNINITIALIZED_AUTOS = YES_AGGRESSIVE;
				GCC_WARN_UNUSED_FUNCTION = YES;
				GCC_WARN_UNUSED_VARIABLE = YES;
				IPHONEOS_DEPLOYMENT_TARGET = 10.2;
				MTL_ENABLE_DEBUG_INFO = NO;
				SDKROOT = iphoneos;
				SWIFT_OPTIMIZATION_LEVEL = "-Owholemodule";
				TARGETED_DEVICE_FAMILY = "1,2";
				VALIDATE_PRODUCT = YES;
			};
			name = Release;
		};
		90DC7F551E8A99C9000F048E /* Debug */ = {
			isa = XCBuildConfiguration;
			baseConfigurationReference = 354E1C27F67F59E407C32509 /* Pods-All For Basketball.debug.xcconfig */;
			buildSettings = {
				ASSETCATALOG_COMPILER_APPICON_NAME = AppIcon;
				ASSETCATALOG_COMPILER_LAUNCHIMAGE_NAME = LaunchImage;
				DEVELOPMENT_TEAM = J3UJGF3PPS;
				FRAMEWORK_SEARCH_PATHS = (
					"$(inherited)",
					"$(PROJECT_DIR)",
				);
				INFOPLIST_FILE = "All For Basketball/Info.plist";
				IPHONEOS_DEPLOYMENT_TARGET = 9.3;
				LD_RUNPATH_SEARCH_PATHS = "$(inherited) @executable_path/Frameworks";
				OTHER_LDFLAGS = (
					"$(inherited)",
					"-framework",
					"\"Alamofire\"",
					"-framework",
					"\"Kingfisher\"",
					"-framework",
					"\"MBProgressHUD\"",
					"-framework",
					"\"MJRefresh\"",
					"-framework",
					"\"RealReachability\"",
					"-framework",
					"\"SnapKit\"",
					"-framework",
					"\"SwiftyJSON\"",
					"-ObjC",
					"-lz",
					"-framework",
					Reveal,
				);
				PRODUCT_BUNDLE_IDENTIFIER = "video-lisen";
				PRODUCT_NAME = "$(TARGET_NAME)";
				SWIFT_VERSION = 3.0;
				TARGETED_DEVICE_FAMILY = 1;
			};
			name = Debug;
		};
		90DC7F561E8A99C9000F048E /* Release */ = {
			isa = XCBuildConfiguration;
			baseConfigurationReference = DFE339D3CBC1F26CDAF705AF /* Pods-All For Basketball.release.xcconfig */;
			buildSettings = {
				ASSETCATALOG_COMPILER_APPICON_NAME = AppIcon;
				ASSETCATALOG_COMPILER_LAUNCHIMAGE_NAME = LaunchImage;
				DEVELOPMENT_TEAM = J3UJGF3PPS;
				FRAMEWORK_SEARCH_PATHS = (
					"$(inherited)",
					"$(PROJECT_DIR)",
				);
				INFOPLIST_FILE = "All For Basketball/Info.plist";
				IPHONEOS_DEPLOYMENT_TARGET = 9.3;
				LD_RUNPATH_SEARCH_PATHS = "$(inherited) @executable_path/Frameworks";
				OTHER_LDFLAGS = (
					"$(inherited)",
					"-framework",
					"\"Alamofire\"",
					"-framework",
					"\"Kingfisher\"",
					"-framework",
					"\"MBProgressHUD\"",
					"-framework",
					"\"MJRefresh\"",
					"-framework",
					"\"RealReachability\"",
					"-framework",
					"\"SnapKit\"",
					"-framework",
					"\"SwiftyJSON\"",
					"-ObjC",
					"-lz",
					"-framework",
					Reveal,
				);
				PRODUCT_BUNDLE_IDENTIFIER = "video-lisen";
				PRODUCT_NAME = "$(TARGET_NAME)";
				SWIFT_VERSION = 3.0;
				TARGETED_DEVICE_FAMILY = 1;
			};
			name = Release;
		};
		90DC7F581E8A99C9000F048E /* Debug */ = {
			isa = XCBuildConfiguration;
			buildSettings = {
				ALWAYS_EMBED_SWIFT_STANDARD_LIBRARIES = YES;
				BUNDLE_LOADER = "$(TEST_HOST)";
				INFOPLIST_FILE = "All For BasketballTests/Info.plist";
				LD_RUNPATH_SEARCH_PATHS = "$(inherited) @executable_path/Frameworks @loader_path/Frameworks";
				PRODUCT_BUNDLE_IDENTIFIER = "Lisen.All-For-BasketballTests";
				PRODUCT_NAME = "$(TARGET_NAME)";
				SWIFT_VERSION = 3.0;
				TEST_HOST = "$(BUILT_PRODUCTS_DIR)/All For Basketball.app/All For Basketball";
			};
			name = Debug;
		};
		90DC7F591E8A99C9000F048E /* Release */ = {
			isa = XCBuildConfiguration;
			buildSettings = {
				ALWAYS_EMBED_SWIFT_STANDARD_LIBRARIES = YES;
				BUNDLE_LOADER = "$(TEST_HOST)";
				INFOPLIST_FILE = "All For BasketballTests/Info.plist";
				LD_RUNPATH_SEARCH_PATHS = "$(inherited) @executable_path/Frameworks @loader_path/Frameworks";
				PRODUCT_BUNDLE_IDENTIFIER = "Lisen.All-For-BasketballTests";
				PRODUCT_NAME = "$(TARGET_NAME)";
				SWIFT_VERSION = 3.0;
				TEST_HOST = "$(BUILT_PRODUCTS_DIR)/All For Basketball.app/All For Basketball";
			};
			name = Release;
		};
		90DC7F5B1E8A99C9000F048E /* Debug */ = {
			isa = XCBuildConfiguration;
			buildSettings = {
				ALWAYS_EMBED_SWIFT_STANDARD_LIBRARIES = YES;
				INFOPLIST_FILE = "All For BasketballUITests/Info.plist";
				LD_RUNPATH_SEARCH_PATHS = "$(inherited) @executable_path/Frameworks @loader_path/Frameworks";
				PRODUCT_BUNDLE_IDENTIFIER = "Lisen.All-For-BasketballUITests";
				PRODUCT_NAME = "$(TARGET_NAME)";
				SWIFT_VERSION = 3.0;
				TEST_TARGET_NAME = "All For Basketball";
			};
			name = Debug;
		};
		90DC7F5C1E8A99C9000F048E /* Release */ = {
			isa = XCBuildConfiguration;
			buildSettings = {
				ALWAYS_EMBED_SWIFT_STANDARD_LIBRARIES = YES;
				INFOPLIST_FILE = "All For BasketballUITests/Info.plist";
				LD_RUNPATH_SEARCH_PATHS = "$(inherited) @executable_path/Frameworks @loader_path/Frameworks";
				PRODUCT_BUNDLE_IDENTIFIER = "Lisen.All-For-BasketballUITests";
				PRODUCT_NAME = "$(TARGET_NAME)";
				SWIFT_VERSION = 3.0;
				TEST_TARGET_NAME = "All For Basketball";
			};
			name = Release;
		};
/* End XCBuildConfiguration section */

/* Begin XCConfigurationList section */
		90DC7F271E8A99C9000F048E /* Build configuration list for PBXProject "All For Basketball" */ = {
			isa = XCConfigurationList;
			buildConfigurations = (
				90DC7F521E8A99C9000F048E /* Debug */,
				90DC7F531E8A99C9000F048E /* Release */,
			);
			defaultConfigurationIsVisible = 0;
			defaultConfigurationName = Release;
		};
		90DC7F541E8A99C9000F048E /* Build configuration list for PBXNativeTarget "All For Basketball" */ = {
			isa = XCConfigurationList;
			buildConfigurations = (
				90DC7F551E8A99C9000F048E /* Debug */,
				90DC7F561E8A99C9000F048E /* Release */,
			);
			defaultConfigurationIsVisible = 0;
			defaultConfigurationName = Release;
		};
		90DC7F571E8A99C9000F048E /* Build configuration list for PBXNativeTarget "All For BasketballTests" */ = {
			isa = XCConfigurationList;
			buildConfigurations = (
				90DC7F581E8A99C9000F048E /* Debug */,
				90DC7F591E8A99C9000F048E /* Release */,
			);
			defaultConfigurationIsVisible = 0;
			defaultConfigurationName = Release;
		};
		90DC7F5A1E8A99C9000F048E /* Build configuration list for PBXNativeTarget "All For BasketballUITests" */ = {
			isa = XCConfigurationList;
			buildConfigurations = (
				90DC7F5B1E8A99C9000F048E /* Debug */,
				90DC7F5C1E8A99C9000F048E /* Release */,
			);
			defaultConfigurationIsVisible = 0;
			defaultConfigurationName = Release;
		};
/* End XCConfigurationList section */
	};
	rootObject = 90DC7F241E8A99C9000F048E /* Project object */;
}
