// !$*UTF8*$!
{
	archiveVersion = 1;
	classes = {
	};
	objectVersion = 46;
	objects = {

/* Begin PBXBuildFile section */
		486A9E191E5D86CC00B286DC /* main.m in Sources */ = {isa = PBXBuildFile; fileRef = 486A9E181E5D86CC00B286DC /* main.m */; };
		486A9E1C1E5D86CC00B286DC /* AppDelegate.m in Sources */ = {isa = PBXBuildFile; fileRef = 486A9E1B1E5D86CC00B286DC /* AppDelegate.m */; };
		486A9E1F1E5D86CC00B286DC /* ViewController.m in Sources */ = {isa = PBXBuildFile; fileRef = 486A9E1E1E5D86CC00B286DC /* ViewController.m */; };
		486A9E221E5D86CC00B286DC /* Main.storyboard in Resources */ = {isa = PBXBuildFile; fileRef = 486A9E201E5D86CC00B286DC /* Main.storyboard */; };
		486A9E241E5D86CC00B286DC /* Assets.xcassets in Resources */ = {isa = PBXBuildFile; fileRef = 486A9E231E5D86CC00B286DC /* Assets.xcassets */; };
		486A9E271E5D86CC00B286DC /* LaunchScreen.storyboard in Resources */ = {isa = PBXBuildFile; fileRef = 486A9E251E5D86CC00B286DC /* LaunchScreen.storyboard */; };
		486A9E321E5D86CC00B286DC /* ___________Tests.m in Sources */ = {isa = PBXBuildFile; fileRef = 486A9E311E5D86CC00B286DC /* ___________Tests.m */; };
		486A9E3D1E5D86CD00B286DC /* ___________UITests.m in Sources */ = {isa = PBXBuildFile; fileRef = 486A9E3C1E5D86CD00B286DC /* ___________UITests.m */; };
		486A9E4C1E5D92BE00B286DC /* SecondViewController.m in Sources */ = {isa = PBXBuildFile; fileRef = 486A9E4B1E5D92BE00B286DC /* SecondViewController.m */; };
		486A9E521E5D93DE00B286DC /* CustomAnimator.m in Sources */ = {isa = PBXBuildFile; fileRef = 486A9E511E5D93DE00B286DC /* CustomAnimator.m */; };
/* End PBXBuildFile section */

/* Begin PBXContainerItemProxy section */
		486A9E2E1E5D86CC00B286DC /* PBXContainerItemProxy */ = {
			isa = PBXContainerItemProxy;
			containerPortal = 486A9E0C1E5D86CB00B286DC /* Project object */;
			proxyType = 1;
			remoteGlobalIDString = 486A9E131E5D86CC00B286DC;
			remoteInfo = "自定义非交互式转场动画";
		};
		486A9E391E5D86CD00B286DC /* PBXContainerItemProxy */ = {
			isa = PBXContainerItemProxy;
			containerPortal = 486A9E0C1E5D86CB00B286DC /* Project object */;
			proxyType = 1;
			remoteGlobalIDString = 486A9E131E5D86CC00B286DC;
			remoteInfo = "自定义非交互式转场动画";
		};
/* End PBXContainerItemProxy section */

/* Begin PBXFileReference section */
		486A9E141E5D86CC00B286DC /* 自定义非交互式转场动画.app */ = {isa = PBXFileReference; explicitFileType = wrapper.application; includeInIndex = 0; path = "自定义非交互式转场动画.app"; sourceTree = BUILT_PRODUCTS_DIR; };
		486A9E181E5D86CC00B286DC /* main.m */ = {isa = PBXFileReference; lastKnownFileType = sourcecode.c.objc; path = main.m; sourceTree = "<group>"; };
		486A9E1A1E5D86CC00B286DC /* AppDelegate.h */ = {isa = PBXFileReference; lastKnownFileType = sourcecode.c.h; path = AppDelegate.h; sourceTree = "<group>"; };
		486A9E1B1E5D86CC00B286DC /* AppDelegate.m */ = {isa = PBXFileReference; lastKnownFileType = sourcecode.c.objc; path = AppDelegate.m; sourceTree = "<group>"; };
		486A9E1D1E5D86CC00B286DC /* ViewController.h */ = {isa = PBXFileReference; lastKnownFileType = sourcecode.c.h; path = ViewController.h; sourceTree = "<group>"; };
		486A9E1E1E5D86CC00B286DC /* ViewController.m */ = {isa = PBXFileReference; lastKnownFileType = sourcecode.c.objc; path = ViewController.m; sourceTree = "<group>"; };
		486A9E211E5D86CC00B286DC /* Base */ = {isa = PBXFileReference; lastKnownFileType = file.storyboard; name = Base; path = Base.lproj/Main.storyboard; sourceTree = "<group>"; };
		486A9E231E5D86CC00B286DC /* Assets.xcassets */ = {isa = PBXFileReference; lastKnownFileType = folder.assetcatalog; path = Assets.xcassets; sourceTree = "<group>"; };
		486A9E261E5D86CC00B286DC /* Base */ = {isa = PBXFileReference; lastKnownFileType = file.storyboard; name = Base; path = Base.lproj/LaunchScreen.storyboard; sourceTree = "<group>"; };
		486A9E281E5D86CC00B286DC /* Info.plist */ = {isa = PBXFileReference; lastKnownFileType = text.plist.xml; path = Info.plist; sourceTree = "<group>"; };
		486A9E2D1E5D86CC00B286DC /* 自定义非交互式转场动画Tests.xctest */ = {isa = PBXFileReference; explicitFileType = wrapper.cfbundle; includeInIndex = 0; path = "自定义非交互式转场动画Tests.xctest"; sourceTree = BUILT_PRODUCTS_DIR; };
		486A9E311E5D86CC00B286DC /* ___________Tests.m */ = {isa = PBXFileReference; lastKnownFileType = sourcecode.c.objc; path = "___________Tests.m"; sourceTree = "<group>"; };
		486A9E331E5D86CC00B286DC /* Info.plist */ = {isa = PBXFileReference; lastKnownFileType = text.plist.xml; path = Info.plist; sourceTree = "<group>"; };
		486A9E381E5D86CD00B286DC /* 自定义非交互式转场动画UITests.xctest */ = {isa = PBXFileReference; explicitFileType = wrapper.cfbundle; includeInIndex = 0; path = "自定义非交互式转场动画UITests.xctest"; sourceTree = BUILT_PRODUCTS_DIR; };
		486A9E3C1E5D86CD00B286DC /* ___________UITests.m */ = {isa = PBXFileReference; lastKnownFileType = sourcecode.c.objc; path = "___________UITests.m"; sourceTree = "<group>"; };
		486A9E3E1E5D86CD00B286DC /* Info.plist */ = {isa = PBXFileReference; lastKnownFileType = text.plist.xml; path = Info.plist; sourceTree = "<group>"; };
		486A9E4A1E5D92BE00B286DC /* SecondViewController.h */ = {isa = PBXFileReference; fileEncoding = 4; lastKnownFileType = sourcecode.c.h; path = SecondViewController.h; sourceTree = "<group>"; };
		486A9E4B1E5D92BE00B286DC /* SecondViewController.m */ = {isa = PBXFileReference; fileEncoding = 4; lastKnownFileType = sourcecode.c.objc; path = SecondViewController.m; sourceTree = "<group>"; };
		486A9E501E5D93DE00B286DC /* CustomAnimator.h */ = {isa = PBXFileReference; fileEncoding = 4; lastKnownFileType = sourcecode.c.h; path = CustomAnimator.h; sourceTree = "<group>"; };
		486A9E511E5D93DE00B286DC /* CustomAnimator.m */ = {isa = PBXFileReference; fileEncoding = 4; lastKnownFileType = sourcecode.c.objc; path = CustomAnimator.m; sourceTree = "<group>"; };
/* End PBXFileReference section */

/* Begin PBXFrameworksBuildPhase section */
		486A9E111E5D86CC00B286DC /* Frameworks */ = {
			isa = PBXFrameworksBuildPhase;
			buildActionMask = 2147483647;
			files = (
			);
			runOnlyForDeploymentPostprocessing = 0;
		};
		486A9E2A1E5D86CC00B286DC /* Frameworks */ = {
			isa = PBXFrameworksBuildPhase;
			buildActionMask = 2147483647;
			files = (
			);
			runOnlyForDeploymentPostprocessing = 0;
		};
		486A9E351E5D86CC00B286DC /* Frameworks */ = {
			isa = PBXFrameworksBuildPhase;
			buildActionMask = 2147483647;
			files = (
			);
			runOnlyForDeploymentPostprocessing = 0;
		};
/* End PBXFrameworksBuildPhase section */

/* Begin PBXGroup section */
		486A9E0B1E5D86CB00B286DC = {
			isa = PBXGroup;
			children = (
				486A9E161E5D86CC00B286DC /* 自定义非交互式转场动画 */,
				486A9E301E5D86CC00B286DC /* 自定义非交互式转场动画Tests */,
				486A9E3B1E5D86CD00B286DC /* 自定义非交互式转场动画UITests */,
				486A9E151E5D86CC00B286DC /* Products */,
			);
			sourceTree = "<group>";
		};
		486A9E151E5D86CC00B286DC /* Products */ = {
			isa = PBXGroup;
			children = (
				486A9E141E5D86CC00B286DC /* 自定义非交互式转场动画.app */,
				486A9E2D1E5D86CC00B286DC /* 自定义非交互式转场动画Tests.xctest */,
				486A9E381E5D86CD00B286DC /* 自定义非交互式转场动画UITests.xctest */,
			);
			name = Products;
			sourceTree = "<group>";
		};
		486A9E161E5D86CC00B286DC /* 自定义非交互式转场动画 */ = {
			isa = PBXGroup;
			children = (
				486A9E1A1E5D86CC00B286DC /* AppDelegate.h */,
				486A9E1B1E5D86CC00B286DC /* AppDelegate.m */,
				486A9E1D1E5D86CC00B286DC /* ViewController.h */,
				486A9E1E1E5D86CC00B286DC /* ViewController.m */,
				486A9E4A1E5D92BE00B286DC /* SecondViewController.h */,
				486A9E4B1E5D92BE00B286DC /* SecondViewController.m */,
				486A9E501E5D93DE00B286DC /* CustomAnimator.h */,
				486A9E511E5D93DE00B286DC /* CustomAnimator.m */,
				486A9E201E5D86CC00B286DC /* Main.storyboard */,
				486A9E231E5D86CC00B286DC /* Assets.xcassets */,
				486A9E251E5D86CC00B286DC /* LaunchScreen.storyboard */,
				486A9E281E5D86CC00B286DC /* Info.plist */,
				486A9E171E5D86CC00B286DC /* Supporting Files */,
			);
			path = "自定义非交互式转场动画";
			sourceTree = "<group>";
		};
		486A9E171E5D86CC00B286DC /* Supporting Files */ = {
			isa = PBXGroup;
			children = (
				486A9E181E5D86CC00B286DC /* main.m */,
			);
			name = "Supporting Files";
			sourceTree = "<group>";
		};
		486A9E301E5D86CC00B286DC /* 自定义非交互式转场动画Tests */ = {
			isa = PBXGroup;
			children = (
				486A9E311E5D86CC00B286DC /* ___________Tests.m */,
				486A9E331E5D86CC00B286DC /* Info.plist */,
			);
			path = "自定义非交互式转场动画Tests";
			sourceTree = "<group>";
		};
		486A9E3B1E5D86CD00B286DC /* 自定义非交互式转场动画UITests */ = {
			isa = PBXGroup;
			children = (
				486A9E3C1E5D86CD00B286DC /* ___________UITests.m */,
				486A9E3E1E5D86CD00B286DC /* Info.plist */,
			);
			path = "自定义非交互式转场动画UITests";
			sourceTree = "<group>";
		};
/* End PBXGroup section */

/* Begin PBXNativeTarget section */
		486A9E131E5D86CC00B286DC /* 自定义非交互式转场动画 */ = {
			isa = PBXNativeTarget;
			buildConfigurationList = 486A9E411E5D86CD00B286DC /* Build configuration list for PBXNativeTarget "自定义非交互式转场动画" */;
			buildPhases = (
				486A9E101E5D86CC00B286DC /* Sources */,
				486A9E111E5D86CC00B286DC /* Frameworks */,
				486A9E121E5D86CC00B286DC /* Resources */,
			);
			buildRules = (
			);
			dependencies = (
			);
			name = "自定义非交互式转场动画";
			productName = "自定义非交互式转场动画";
			productReference = 486A9E141E5D86CC00B286DC /* 自定义非交互式转场动画.app */;
			productType = "com.apple.product-type.application";
		};
		486A9E2C1E5D86CC00B286DC /* 自定义非交互式转场动画Tests */ = {
			isa = PBXNativeTarget;
			buildConfigurationList = 486A9E441E5D86CD00B286DC /* Build configuration list for PBXNativeTarget "自定义非交互式转场动画Tests" */;
			buildPhases = (
				486A9E291E5D86CC00B286DC /* Sources */,
				486A9E2A1E5D86CC00B286DC /* Frameworks */,
				486A9E2B1E5D86CC00B286DC /* Resources */,
			);
			buildRules = (
			);
			dependencies = (
				486A9E2F1E5D86CC00B286DC /* PBXTargetDependency */,
			);
			name = "自定义非交互式转场动画Tests";
			productName = "自定义非交互式转场动画Tests";
			productReference = 486A9E2D1E5D86CC00B286DC /* 自定义非交互式转场动画Tests.xctest */;
			productType = "com.apple.product-type.bundle.unit-test";
		};
		486A9E371E5D86CC00B286DC /* 自定义非交互式转场动画UITests */ = {
			isa = PBXNativeTarget;
			buildConfigurationList = 486A9E471E5D86CD00B286DC /* Build configuration list for PBXNativeTarget "自定义非交互式转场动画UITests" */;
			buildPhases = (
				486A9E341E5D86CC00B286DC /* Sources */,
				486A9E351E5D86CC00B286DC /* Frameworks */,
				486A9E361E5D86CC00B286DC /* Resources */,
			);
			buildRules = (
			);
			dependencies = (
				486A9E3A1E5D86CD00B286DC /* PBXTargetDependency */,
			);
			name = "自定义非交互式转场动画UITests";
			productName = "自定义非交互式转场动画UITests";
			productReference = 486A9E381E5D86CD00B286DC /* 自定义非交互式转场动画UITests.xctest */;
			productType = "com.apple.product-type.bundle.ui-testing";
		};
/* End PBXNativeTarget section */

/* Begin PBXProject section */
		486A9E0C1E5D86CB00B286DC /* Project object */ = {
			isa = PBXProject;
			attributes = {
				LastUpgradeCheck = 0820;
				ORGANIZATIONNAME = "Li Sen";
				TargetAttributes = {
					486A9E131E5D86CC00B286DC = {
						CreatedOnToolsVersion = 8.2.1;
						DevelopmentTeam = J3UJGF3PPS;
						ProvisioningStyle = Automatic;
					};
					486A9E2C1E5D86CC00B286DC = {
						CreatedOnToolsVersion = 8.2.1;
						ProvisioningStyle = Automatic;
						TestTargetID = 486A9E131E5D86CC00B286DC;
					};
					486A9E371E5D86CC00B286DC = {
						CreatedOnToolsVersion = 8.2.1;
						ProvisioningStyle = Automatic;
						TestTargetID = 486A9E131E5D86CC00B286DC;
					};
				};
			};
			buildConfigurationList = 486A9E0F1E5D86CB00B286DC /* Build configuration list for PBXProject "自定义非交互式转场动画" */;
			compatibilityVersion = "Xcode 3.2";
			developmentRegion = English;
			hasScannedForEncodings = 0;
			knownRegions = (
				en,
				Base,
			);
			mainGroup = 486A9E0B1E5D86CB00B286DC;
			productRefGroup = 486A9E151E5D86CC00B286DC /* Products */;
			projectDirPath = "";
			projectRoot = "";
			targets = (
				486A9E131E5D86CC00B286DC /* 自定义非交互式转场动画 */,
				486A9E2C1E5D86CC00B286DC /* 自定义非交互式转场动画Tests */,
				486A9E371E5D86CC00B286DC /* 自定义非交互式转场动画UITests */,
			);
		};
/* End PBXProject section */

/* Begin PBXResourcesBuildPhase section */
		486A9E121E5D86CC00B286DC /* Resources */ = {
			isa = PBXResourcesBuildPhase;
			buildActionMask = 2147483647;
			files = (
				486A9E271E5D86CC00B286DC /* LaunchScreen.storyboard in Resources */,
				486A9E241E5D86CC00B286DC /* Assets.xcassets in Resources */,
				486A9E221E5D86CC00B286DC /* Main.storyboard in Resources */,
			);
			runOnlyForDeploymentPostprocessing = 0;
		};
		486A9E2B1E5D86CC00B286DC /* Resources */ = {
			isa = PBXResourcesBuildPhase;
			buildActionMask = 2147483647;
			files = (
			);
			runOnlyForDeploymentPostprocessing = 0;
		};
		486A9E361E5D86CC00B286DC /* Resources */ = {
			isa = PBXResourcesBuildPhase;
			buildActionMask = 2147483647;
			files = (
			);
			runOnlyForDeploymentPostprocessing = 0;
		};
/* End PBXResourcesBuildPhase section */

/* Begin PBXSourcesBuildPhase section */
		486A9E101E5D86CC00B286DC /* Sources */ = {
			isa = PBXSourcesBuildPhase;
			buildActionMask = 2147483647;
			files = (
				486A9E521E5D93DE00B286DC /* CustomAnimator.m in Sources */,
				486A9E4C1E5D92BE00B286DC /* SecondViewController.m in Sources */,
				486A9E1F1E5D86CC00B286DC /* ViewController.m in Sources */,
				486A9E1C1E5D86CC00B286DC /* AppDelegate.m in Sources */,
				486A9E191E5D86CC00B286DC /* main.m in Sources */,
			);
			runOnlyForDeploymentPostprocessing = 0;
		};
		486A9E291E5D86CC00B286DC /* Sources */ = {
			isa = PBXSourcesBuildPhase;
			buildActionMask = 2147483647;
			files = (
				486A9E321E5D86CC00B286DC /* ___________Tests.m in Sources */,
			);
			runOnlyForDeploymentPostprocessing = 0;
		};
		486A9E341E5D86CC00B286DC /* Sources */ = {
			isa = PBXSourcesBuildPhase;
			buildActionMask = 2147483647;
			files = (
				486A9E3D1E5D86CD00B286DC /* ___________UITests.m in Sources */,
			);
			runOnlyForDeploymentPostprocessing = 0;
		};
/* End PBXSourcesBuildPhase section */

/* Begin PBXTargetDependency section */
		486A9E2F1E5D86CC00B286DC /* PBXTargetDependency */ = {
			isa = PBXTargetDependency;
			target = 486A9E131E5D86CC00B286DC /* 自定义非交互式转场动画 */;
			targetProxy = 486A9E2E1E5D86CC00B286DC /* PBXContainerItemProxy */;
		};
		486A9E3A1E5D86CD00B286DC /* PBXTargetDependency */ = {
			isa = PBXTargetDependency;
			target = 486A9E131E5D86CC00B286DC /* 自定义非交互式转场动画 */;
			targetProxy = 486A9E391E5D86CD00B286DC /* PBXContainerItemProxy */;
		};
/* End PBXTargetDependency section */

/* Begin PBXVariantGroup section */
		486A9E201E5D86CC00B286DC /* Main.storyboard */ = {
			isa = PBXVariantGroup;
			children = (
				486A9E211E5D86CC00B286DC /* Base */,
			);
			name = Main.storyboard;
			sourceTree = "<group>";
		};
		486A9E251E5D86CC00B286DC /* LaunchScreen.storyboard */ = {
			isa = PBXVariantGroup;
			children = (
				486A9E261E5D86CC00B286DC /* Base */,
			);
			name = LaunchScreen.storyboard;
			sourceTree = "<group>";
		};
/* End PBXVariantGroup section */

/* Begin XCBuildConfiguration section */
		486A9E3F1E5D86CD00B286DC /* Debug */ = {
			isa = XCBuildConfiguration;
			buildSettings = {
				ALWAYS_SEARCH_USER_PATHS = NO;
				CLANG_ANALYZER_NONNULL = YES;
				CLANG_CXX_LANGUAGE_STANDARD = "gnu++0x";
				CLANG_CXX_LIBRARY = "libc++";
				CLANG_ENABLE_MODULES = YES;
				CLANG_ENABLE_OBJC_ARC = YES;
				CLANG_WARN_BOOL_CONVERSION = YES;
				CLANG_WARN_CONSTANT_CONVERSION = YES;
				CLANG_WARN_DIRECT_OBJC_ISA_USAGE = YES_ERROR;
				CLANG_WARN_DOCUMENTATION_COMMENTS = YES;
				CLANG_WARN_EMPTY_BODY = YES;
				CLANG_WARN_ENUM_CONVERSION = YES;
				CLANG_WARN_INFINITE_RECURSION = YES;
				CLANG_WARN_INT_CONVERSION = YES;
				CLANG_WARN_OBJC_ROOT_CLASS = YES_ERROR;
				CLANG_WARN_SUSPICIOUS_MOVE = YES;
				CLANG_WARN_UNREACHABLE_CODE = YES;
				CLANG_WARN__DUPLICATE_METHOD_MATCH = YES;
				"CODE_SIGN_IDENTITY[sdk=iphoneos*]" = "iPhone Developer";
				COPY_PHASE_STRIP = NO;
				DEBUG_INFORMATION_FORMAT = dwarf;
				ENABLE_STRICT_OBJC_MSGSEND = YES;
				ENABLE_TESTABILITY = YES;
				GCC_C_LANGUAGE_STANDARD = gnu99;
				GCC_DYNAMIC_NO_PIC = NO;
				GCC_NO_COMMON_BLOCKS = YES;
				GCC_OPTIMIZATION_LEVEL = 0;
				GCC_PREPROCESSOR_DEFINITIONS = (
					"DEBUG=1",
					"$(inherited)",
				);
				GCC_WARN_64_TO_32_BIT_CONVERSION = YES;
				GCC_WARN_ABOUT_RETURN_TYPE = YES_ERROR;
				GCC_WARN_UNDECLARED_SELECTOR = YES;
				GCC_WARN_UNINITIALIZED_AUTOS = YES_AGGRESSIVE;
				GCC_WARN_UNUSED_FUNCTION = YES;
				GCC_WARN_UNUSED_VARIABLE = YES;
				IPHONEOS_DEPLOYMENT_TARGET = 9.0;
				MTL_ENABLE_DEBUG_INFO = YES;
				ONLY_ACTIVE_ARCH = YES;
				SDKROOT = iphoneos;
				TARGETED_DEVICE_FAMILY = "1,2";
			};
			name = Debug;
		};
		486A9E401E5D86CD00B286DC /* Release */ = {
			isa = XCBuildConfiguration;
			buildSettings = {
				ALWAYS_SEARCH_USER_PATHS = NO;
				CLANG_ANALYZER_NONNULL = YES;
				CLANG_CXX_LANGUAGE_STANDARD = "gnu++0x";
				CLANG_CXX_LIBRARY = "libc++";
				CLANG_ENABLE_MODULES = YES;
				CLANG_ENABLE_OBJC_ARC = YES;
				CLANG_WARN_BOOL_CONVERSION = YES;
				CLANG_WARN_CONSTANT_CONVERSION = YES;
				CLANG_WARN_DIRECT_OBJC_ISA_USAGE = YES_ERROR;
				CLANG_WARN_DOCUMENTATION_COMMENTS = YES;
				CLANG_WARN_EMPTY_BODY = YES;
				CLANG_WARN_ENUM_CONVERSION = YES;
				CLANG_WARN_INFINITE_RECURSION = YES;
				CLANG_WARN_INT_CONVERSION = YES;
				CLANG_WARN_OBJC_ROOT_CLASS = YES_ERROR;
				CLANG_WARN_SUSPICIOUS_MOVE = YES;
				CLANG_WARN_UNREACHABLE_CODE = YES;
				CLANG_WARN__DUPLICATE_METHOD_MATCH = YES;
				"CODE_SIGN_IDENTITY[sdk=iphoneos*]" = "iPhone Developer";
				COPY_PHASE_STRIP = NO;
				DEBUG_INFORMATION_FORMAT = "dwarf-with-dsym";
				ENABLE_NS_ASSERTIONS = NO;
				ENABLE_STRICT_OBJC_MSGSEND = YES;
				GCC_C_LANGUAGE_STANDARD = gnu99;
				GCC_NO_COMMON_BLOCKS = YES;
				GCC_WARN_64_TO_32_BIT_CONVERSION = YES;
				GCC_WARN_ABOUT_RETURN_TYPE = YES_ERROR;
				GCC_WARN_UNDECLARED_SELECTOR = YES;
				GCC_WARN_UNINITIALIZED_AUTOS = YES_AGGRESSIVE;
				GCC_WARN_UNUSED_FUNCTION = YES;
				GCC_WARN_UNUSED_VARIABLE = YES;
				IPHONEOS_DEPLOYMENT_TARGET = 9.0;
				MTL_ENABLE_DEBUG_INFO = NO;
				SDKROOT = iphoneos;
				TARGETED_DEVICE_FAMILY = "1,2";
				VALIDATE_PRODUCT = YES;
			};
			name = Release;
		};
		486A9E421E5D86CD00B286DC /* Debug */ = {
			isa = XCBuildConfiguration;
			buildSettings = {
				ASSETCATALOG_COMPILER_APPICON_NAME = AppIcon;
				DEVELOPMENT_TEAM = J3UJGF3PPS;
				INFOPLIST_FILE = "自定义非交互式转场动画/Info.plist";
				LD_RUNPATH_SEARCH_PATHS = "$(inherited) @executable_path/Frameworks";
				PRODUCT_BUNDLE_IDENTIFIER = "video-lisen";
				PRODUCT_NAME = "$(TARGET_NAME)";
			};
			name = Debug;
		};
		486A9E431E5D86CD00B286DC /* Release */ = {
			isa = XCBuildConfiguration;
			buildSettings = {
				ASSETCATALOG_COMPILER_APPICON_NAME = AppIcon;
				DEVELOPMENT_TEAM = J3UJGF3PPS;
				INFOPLIST_FILE = "自定义非交互式转场动画/Info.plist";
				LD_RUNPATH_SEARCH_PATHS = "$(inherited) @executable_path/Frameworks";
				PRODUCT_BUNDLE_IDENTIFIER = "video-lisen";
				PRODUCT_NAME = "$(TARGET_NAME)";
			};
			name = Release;
		};
		486A9E451E5D86CD00B286DC /* Debug */ = {
			isa = XCBuildConfiguration;
			buildSettings = {
				BUNDLE_LOADER = "$(TEST_HOST)";
				INFOPLIST_FILE = "自定义非交互式转场动画Tests/Info.plist";
				LD_RUNPATH_SEARCH_PATHS = "$(inherited) @executable_path/Frameworks @loader_path/Frameworks";
				PRODUCT_BUNDLE_IDENTIFIER = "video-lisen.-----------Tests";
				PRODUCT_NAME = "$(TARGET_NAME)";
				TEST_HOST = "$(BUILT_PRODUCTS_DIR)/自定义非交互式转场动画.app/自定义非交互式转场动画";
			};
			name = Debug;
		};
		486A9E461E5D86CD00B286DC /* Release */ = {
			isa = XCBuildConfiguration;
			buildSettings = {
				BUNDLE_LOADER = "$(TEST_HOST)";
				INFOPLIST_FILE = "自定义非交互式转场动画Tests/Info.plist";
				LD_RUNPATH_SEARCH_PATHS = "$(inherited) @executable_path/Frameworks @loader_path/Frameworks";
				PRODUCT_BUNDLE_IDENTIFIER = "video-lisen.-----------Tests";
				PRODUCT_NAME = "$(TARGET_NAME)";
				TEST_HOST = "$(BUILT_PRODUCTS_DIR)/自定义非交互式转场动画.app/自定义非交互式转场动画";
			};
			name = Release;
		};
		486A9E481E5D86CD00B286DC /* Debug */ = {
			isa = XCBuildConfiguration;
			buildSettings = {
				INFOPLIST_FILE = "自定义非交互式转场动画UITests/Info.plist";
				LD_RUNPATH_SEARCH_PATHS = "$(inherited) @executable_path/Frameworks @loader_path/Frameworks";
				PRODUCT_BUNDLE_IDENTIFIER = "video-lisen.-----------UITests";
				PRODUCT_NAME = "$(TARGET_NAME)";
				TEST_TARGET_NAME = "自定义非交互式转场动画";
			};
			name = Debug;
		};
		486A9E491E5D86CD00B286DC /* Release */ = {
			isa = XCBuildConfiguration;
			buildSettings = {
				INFOPLIST_FILE = "自定义非交互式转场动画UITests/Info.plist";
				LD_RUNPATH_SEARCH_PATHS = "$(inherited) @executable_path/Frameworks @loader_path/Frameworks";
				PRODUCT_BUNDLE_IDENTIFIER = "video-lisen.-----------UITests";
				PRODUCT_NAME = "$(TARGET_NAME)";
				TEST_TARGET_NAME = "自定义非交互式转场动画";
			};
			name = Release;
		};
/* End XCBuildConfiguration section */

/* Begin XCConfigurationList section */
		486A9E0F1E5D86CB00B286DC /* Build configuration list for PBXProject "自定义非交互式转场动画" */ = {
			isa = XCConfigurationList;
			buildConfigurations = (
				486A9E3F1E5D86CD00B286DC /* Debug */,
				486A9E401E5D86CD00B286DC /* Release */,
			);
			defaultConfigurationIsVisible = 0;
			defaultConfigurationName = Release;
		};
		486A9E411E5D86CD00B286DC /* Build configuration list for PBXNativeTarget "自定义非交互式转场动画" */ = {
			isa = XCConfigurationList;
			buildConfigurations = (
				486A9E421E5D86CD00B286DC /* Debug */,
				486A9E431E5D86CD00B286DC /* Release */,
			);
			defaultConfigurationIsVisible = 0;
		};
		486A9E441E5D86CD00B286DC /* Build configuration list for PBXNativeTarget "自定义非交互式转场动画Tests" */ = {
			isa = XCConfigurationList;
			buildConfigurations = (
				486A9E451E5D86CD00B286DC /* Debug */,
				486A9E461E5D86CD00B286DC /* Release */,
			);
			defaultConfigurationIsVisible = 0;
		};
		486A9E471E5D86CD00B286DC /* Build configuration list for PBXNativeTarget "自定义非交互式转场动画UITests" */ = {
			isa = XCConfigurationList;
			buildConfigurations = (
				486A9E481E5D86CD00B286DC /* Debug */,
				486A9E491E5D86CD00B286DC /* Release */,
			);
			defaultConfigurationIsVisible = 0;
		};
/* End XCConfigurationList section */
	};
	rootObject = 486A9E0C1E5D86CB00B286DC /* Project object */;
}
